
Microsoft Visual Studio Solution File, Format Version 12.00
# Visual Studio Version 17
VisualStudioVersion = 17.10.35013.160
MinimumVisualStudioVersion = 10.0.40219.1
Project("{FAE04EC0-301F-11D3-BF4B-00C04F79EFBC}") = "testUI", "testUI.csproj", "{581F73F7-6E9E-4EF6-BAB4-0F62275F993F}"
EndProject
Global
	GlobalSection(SolutionConfigurationPlatforms) = preSolution
		Debug|Any CPU = Debug|Any CPU
		Release|Any CPU = Release|Any CPU
	EndGlobalSection
	GlobalSection(ProjectConfigurationPlatforms) = postSolution
		{581F73F7-6E9E-4EF6-BAB4-0F62275F993F}.Debug|Any CPU.ActiveCfg = Debug|Any CPU
		{581F73F7-6E9E-4EF6-BAB4-0F62275F993F}.Debug|Any CPU.Build.0 = Debug|Any CPU
		{581F73F7-6E9E-4EF6-BAB4-0F62275F993F}.Release|Any CPU.ActiveCfg = Release|Any CPU
		{581F73F7-6E9E-4EF6-BAB4-0F62275F993F}.Release|Any CPU.Build.0 = Release|Any CPU
	EndGlobalSection
	GlobalSection(SolutionProperties) = preSolution
		HideSolutionNode = FALSE
	EndGlobalSection
	GlobalSection(ExtensibilityGlobals) = postSolution
		SolutionGuid = {1F2FDE63-2CF6-4F7F-A743-9AFC0FF813AF}
	EndGlobalSection
EndGlobal
