
Microsoft Visual Studio Solution File, Format Version 12.00
# Visual Studio Version 17
VisualStudioVersion = 17.14.36310.24 d17.14
MinimumVisualStudioVersion = 10.0.40219.1
Project("{FAE04EC0-301F-11D3-BF4B-00C04F79EFBC}") = "test-dlms", "test-dlms\test-dlms.csproj", "{276EC421-DC79-4CE7-A266-01471D46DD69}"
EndProject
Global
	GlobalSection(SolutionConfigurationPlatforms) = preSolution
		Debug|Any CPU = Debug|Any CPU
		Release|Any CPU = Release|Any CPU
	EndGlobalSection
	GlobalSection(ProjectConfigurationPlatforms) = postSolution
		{276EC421-DC79-4CE7-A266-01471D46DD69}.Debug|Any CPU.ActiveCfg = Debug|Any CPU
		{276EC421-DC79-4CE7-A266-01471D46DD69}.Debug|Any CPU.Build.0 = Debug|Any CPU
		{276EC421-DC79-4CE7-A266-01471D46DD69}.Release|Any CPU.ActiveCfg = Release|Any CPU
		{276EC421-DC79-4CE7-A266-01471D46DD69}.Release|Any CPU.Build.0 = Release|Any CPU
	EndGlobalSection
	GlobalSection(SolutionProperties) = preSolution
		HideSolutionNode = FALSE
	EndGlobalSection
	GlobalSection(ExtensibilityGlobals) = postSolution
		SolutionGuid = {2D698C5C-15EC-4376-9EE1-BF6465B7442B}
	EndGlobalSection
EndGlobal
