
Microsoft Visual Studio Solution File, Format Version 12.00
# Visual Studio Version 17
VisualStudioVersion = 17.14.36310.24 d17.14
MinimumVisualStudioVersion = 10.0.40219.1
Project("{FAE04EC0-301F-11D3-BF4B-00C04F79EFBC}") = "ClassLibrary1", "ClassLibrary1\ClassLibrary1.csproj", "{6BD884C5-3545-4646-87BA-E17A5930A5C8}"
EndProject
Global
	GlobalSection(SolutionConfigurationPlatforms) = preSolution
		Debug|Any CPU = Debug|Any CPU
		Release|Any CPU = Release|Any CPU
	EndGlobalSection
	GlobalSection(ProjectConfigurationPlatforms) = postSolution
		{6BD884C5-3545-4646-87BA-E17A5930A5C8}.Debug|Any CPU.ActiveCfg = Debug|Any CPU
		{6BD884C5-3545-4646-87BA-E17A5930A5C8}.Debug|Any CPU.Build.0 = Debug|Any CPU
		{6BD884C5-3545-4646-87BA-E17A5930A5C8}.Release|Any CPU.ActiveCfg = Release|Any CPU
		{6BD884C5-3545-4646-87BA-E17A5930A5C8}.Release|Any CPU.Build.0 = Release|Any CPU
	EndGlobalSection
	GlobalSection(SolutionProperties) = preSolution
		HideSolutionNode = FALSE
	EndGlobalSection
	GlobalSection(ExtensibilityGlobals) = postSolution
		SolutionGuid = {84E84B3A-8E19-4F2D-AF26-E9399FE72B99}
	EndGlobalSection
EndGlobal
