
Microsoft Visual Studio Solution File, Format Version 12.00
# Visual Studio Version 17
VisualStudioVersion = 17.14.36310.24 d17.14
MinimumVisualStudioVersion = 10.0.40219.1
Project("{FAE04EC0-301F-11D3-BF4B-00C04F79EFBC}") = "text-converter", "text-converter\text-converter.csproj", "{AAD2ED04-4FD5-41EA-84B6-9C90E94EB631}"
EndProject
Global
	GlobalSection(SolutionConfigurationPlatforms) = preSolution
		Debug|Any CPU = Debug|Any CPU
		Release|Any CPU = Release|Any CPU
	EndGlobalSection
	GlobalSection(ProjectConfigurationPlatforms) = postSolution
		{AAD2ED04-4FD5-41EA-84B6-9C90E94EB631}.Debug|Any CPU.ActiveCfg = Debug|Any CPU
		{AAD2ED04-4FD5-41EA-84B6-9C90E94EB631}.Debug|Any CPU.Build.0 = Debug|Any CPU
		{AAD2ED04-4FD5-41EA-84B6-9C90E94EB631}.Release|Any CPU.ActiveCfg = Release|Any CPU
		{AAD2ED04-4FD5-41EA-84B6-9C90E94EB631}.Release|Any CPU.Build.0 = Release|Any CPU
	EndGlobalSection
	GlobalSection(SolutionProperties) = preSolution
		HideSolutionNode = FALSE
	EndGlobalSection
	GlobalSection(ExtensibilityGlobals) = postSolution
		SolutionGuid = {B56D8853-3382-4D0C-A319-634F2F94E00E}
	EndGlobalSection
EndGlobal
