
Microsoft Visual Studio Solution File, Format Version 12.00
# Visual Studio Version 17
VisualStudioVersion = 17.10.35122.118
MinimumVisualStudioVersion = 10.0.40219.1
Project("{FAE04EC0-301F-11D3-BF4B-00C04F79EFBC}") = "db-StoreProcedureTest", "db-StoreProcedureTest.csproj", "{52751040-FC38-4661-988C-62523CB4F8C4}"
EndProject
Global
	GlobalSection(SolutionConfigurationPlatforms) = preSolution
		Debug|Any CPU = Debug|Any CPU
		Release|Any CPU = Release|Any CPU
	EndGlobalSection
	GlobalSection(ProjectConfigurationPlatforms) = postSolution
		{52751040-FC38-4661-988C-62523CB4F8C4}.Debug|Any CPU.ActiveCfg = Debug|Any CPU
		{52751040-FC38-4661-988C-62523CB4F8C4}.Debug|Any CPU.Build.0 = Debug|Any CPU
		{52751040-FC38-4661-988C-62523CB4F8C4}.Release|Any CPU.ActiveCfg = Release|Any CPU
		{52751040-FC38-4661-988C-62523CB4F8C4}.Release|Any CPU.Build.0 = Release|Any CPU
	EndGlobalSection
	GlobalSection(SolutionProperties) = preSolution
		HideSolutionNode = FALSE
	EndGlobalSection
	GlobalSection(ExtensibilityGlobals) = postSolution
		SolutionGuid = {B5CE8C5C-753C-45E3-9D19-3FF79AA3CD90}
	EndGlobalSection
EndGlobal
